{
  "name": "nanji645de7d8",
  "version": "2.0.0",
  "lockfileVersion": 2,
  "requires": true,
  "packages": {
    "": {
      "name": "nanji645de7d8",
      "version": "2.0.0",
      "license": "Apache-2.0",
      "devDependencies": {
        "@types/aws-lambda": "^8.10.92"
      }
    },
    "node_modules/@types/aws-lambda": {
      "version": "8.10.99",
      "resolved": "https://registry.npmjs.org/@types/aws-lambda/-/aws-lambda-8.10.99.tgz",
      "integrity": "sha512-BLlr4HGGF9Ga5vvZumpuXuyFUIhnCZsOdjPWy/iCJi+NIYAw30jA3XC5tyVf2RfaXm5thMR2SC3DosDVIMhM5g==",
      "dev": true
    }
  },
  "dependencies": {
    "@types/aws-lambda": {
      "version": "8.10.99",
      "resolved": "https://registry.npmjs.org/@types/aws-lambda/-/aws-lambda-8.10.99.tgz",
      "integrity": "sha512-BLlr4HGGF9Ga5vvZumpuXuyFUIhnCZsOdjPWy/iCJi+NIYAw30jA3XC5tyVf2RfaXm5thMR2SC3DosDVIMhM5g==",
      "dev": true
    }
  }
}
